
Microsoft Visual Studio Solution File, Format Version 12.00
# Visual Studio Version 17
VisualStudioVersion = 17.4.33213.308
MinimumVisualStudioVersion = 10.0.40219.1
Project("{FAE04EC0-301F-11D3-BF4B-00C04F79EFBC}") = "OOP.Project", "OOP.Project\OOP.Project.csproj", "{F3B1B8F9-BA97-4AF0-A04B-B22CEE509007}"
EndProject
Project("{FAE04EC0-301F-11D3-BF4B-00C04F79EFBC}") = "AudioManager", "AudioManager\AudioManager.csproj", "{DC49592A-4586-4275-84F7-D34E37827EF6}"
EndProject
Global
	GlobalSection(SolutionConfigurationPlatforms) = preSolution
		Debug|Any CPU = Debug|Any CPU
		Release|Any CPU = Release|Any CPU
	EndGlobalSection
	GlobalSection(ProjectConfigurationPlatforms) = postSolution
		{F3B1B8F9-BA97-4AF0-A04B-B22CEE509007}.Debug|Any CPU.ActiveCfg = Debug|Any CPU
		{F3B1B8F9-BA97-4AF0-A04B-B22CEE509007}.Debug|Any CPU.Build.0 = Debug|Any CPU
		{F3B1B8F9-BA97-4AF0-A04B-B22CEE509007}.Release|Any CPU.ActiveCfg = Release|Any CPU
		{F3B1B8F9-BA97-4AF0-A04B-B22CEE509007}.Release|Any CPU.Build.0 = Release|Any CPU
		{DC49592A-4586-4275-84F7-D34E37827EF6}.Debug|Any CPU.ActiveCfg = Debug|Any CPU
		{DC49592A-4586-4275-84F7-D34E37827EF6}.Debug|Any CPU.Build.0 = Debug|Any CPU
		{DC49592A-4586-4275-84F7-D34E37827EF6}.Release|Any CPU.ActiveCfg = Release|Any CPU
		{DC49592A-4586-4275-84F7-D34E37827EF6}.Release|Any CPU.Build.0 = Release|Any CPU
	EndGlobalSection
	GlobalSection(SolutionProperties) = preSolution
		HideSolutionNode = FALSE
	EndGlobalSection
	GlobalSection(ExtensibilityGlobals) = postSolution
		SolutionGuid = {8360E16B-B515-4399-B620-A526FA9F3AD5}
	EndGlobalSection
EndGlobal
